
Microsoft Visual Studio Solution File, Format Version 12.00
# Visual Studio Version 17
VisualStudioVersion = 17.11.35222.181
MinimumVisualStudioVersion = 10.0.40219.1
Project("{FAE04EC0-301F-11D3-BF4B-00C04F79EFBC}") = "CAAAAAAAlc", "CAAAAAAAlc\CAAAAAAAlc.csproj", "{F5F0CEF5-3D85-48C3-811C-26BF9A1E2FAA}"
EndProject
Global
	GlobalSection(SolutionConfigurationPlatforms) = preSolution
		Debug|Any CPU = Debug|Any CPU
		Release|Any CPU = Release|Any CPU
	EndGlobalSection
	GlobalSection(ProjectConfigurationPlatforms) = postSolution
		{F5F0CEF5-3D85-48C3-811C-26BF9A1E2FAA}.Debug|Any CPU.ActiveCfg = Debug|Any CPU
		{F5F0CEF5-3D85-48C3-811C-26BF9A1E2FAA}.Debug|Any CPU.Build.0 = Debug|Any CPU
		{F5F0CEF5-3D85-48C3-811C-26BF9A1E2FAA}.Debug|Any CPU.Deploy.0 = Debug|Any CPU
		{F5F0CEF5-3D85-48C3-811C-26BF9A1E2FAA}.Release|Any CPU.ActiveCfg = Release|Any CPU
		{F5F0CEF5-3D85-48C3-811C-26BF9A1E2FAA}.Release|Any CPU.Build.0 = Release|Any CPU
		{F5F0CEF5-3D85-48C3-811C-26BF9A1E2FAA}.Release|Any CPU.Deploy.0 = Release|Any CPU
	EndGlobalSection
	GlobalSection(SolutionProperties) = preSolution
		HideSolutionNode = FALSE
	EndGlobalSection
	GlobalSection(ExtensibilityGlobals) = postSolution
		SolutionGuid = {7412D2E9-98AD-4E3F-9472-1C8967E8F884}
	EndGlobalSection
EndGlobal
